
Microsoft Visual Studio Solution File, Format Version 12.00
# Visual Studio 15
Project("{FAE04EC0-301F-11D3-BF4B-00C04F79EFBC}") = "UnityEngine.UI", "UnityEngine.UI.csproj", "{9D7FADA2-9476-B049-EC1A-EEED5F5FDC3B}"
EndProject
Project("{FAE04EC0-301F-11D3-BF4B-00C04F79EFBC}") = "Assembly-CSharp", "Assembly-CSharp.csproj", "{EBD9148C-41D6-7BF2-CDA9-82C49CF45C76}"
EndProject
Project("{FAE04EC0-301F-11D3-BF4B-00C04F79EFBC}") = "UnityEditor.UI", "UnityEditor.UI.csproj", "{2FCD7DE4-8B97-D78F-7BF4-2F605E058FC8}"
EndProject
Project("{FAE04EC0-301F-11D3-BF4B-00C04F79EFBC}") = "EditorMigrationScripts", "EditorMigrationScripts.csproj", "{ED3611E3-3CF1-9438-C31B-918BC5C9D662}"
EndProject
Global
	GlobalSection(SolutionConfigurationPlatforms) = preSolution
		Debug|Any CPU = Debug|Any CPU
		Release|Any CPU = Release|Any CPU
	EndGlobalSection
	GlobalSection(ProjectConfigurationPlatforms) = postSolution
		{9D7FADA2-9476-B049-EC1A-EEED5F5FDC3B}.Debug|Any CPU.ActiveCfg = Debug|Any CPU
		{9D7FADA2-9476-B049-EC1A-EEED5F5FDC3B}.Debug|Any CPU.Build.0 = Debug|Any CPU
		{9D7FADA2-9476-B049-EC1A-EEED5F5FDC3B}.Release|Any CPU.ActiveCfg = Release|Any CPU
		{9D7FADA2-9476-B049-EC1A-EEED5F5FDC3B}.Release|Any CPU.Build.0 = Release|Any CPU
		{EBD9148C-41D6-7BF2-CDA9-82C49CF45C76}.Debug|Any CPU.ActiveCfg = Debug|Any CPU
		{EBD9148C-41D6-7BF2-CDA9-82C49CF45C76}.Debug|Any CPU.Build.0 = Debug|Any CPU
		{EBD9148C-41D6-7BF2-CDA9-82C49CF45C76}.Release|Any CPU.ActiveCfg = Release|Any CPU
		{EBD9148C-41D6-7BF2-CDA9-82C49CF45C76}.Release|Any CPU.Build.0 = Release|Any CPU
		{2FCD7DE4-8B97-D78F-7BF4-2F605E058FC8}.Debug|Any CPU.ActiveCfg = Debug|Any CPU
		{2FCD7DE4-8B97-D78F-7BF4-2F605E058FC8}.Debug|Any CPU.Build.0 = Debug|Any CPU
		{2FCD7DE4-8B97-D78F-7BF4-2F605E058FC8}.Release|Any CPU.ActiveCfg = Release|Any CPU
		{2FCD7DE4-8B97-D78F-7BF4-2F605E058FC8}.Release|Any CPU.Build.0 = Release|Any CPU
		{ED3611E3-3CF1-9438-C31B-918BC5C9D662}.Debug|Any CPU.ActiveCfg = Debug|Any CPU
		{ED3611E3-3CF1-9438-C31B-918BC5C9D662}.Debug|Any CPU.Build.0 = Debug|Any CPU
		{ED3611E3-3CF1-9438-C31B-918BC5C9D662}.Release|Any CPU.ActiveCfg = Release|Any CPU
		{ED3611E3-3CF1-9438-C31B-918BC5C9D662}.Release|Any CPU.Build.0 = Release|Any CPU
	EndGlobalSection
	GlobalSection(SolutionProperties) = preSolution
		HideSolutionNode = FALSE
	EndGlobalSection
EndGlobal
